Microsoft Visual Studio Solution File, Format Version 12.00
# Visual Studio 2012
Project("{FAE04EC0-301F-11D3-BF4B-00C04F79EFBC}") = "Godot Project 2", "Godot Project 2.csproj", "{BA2C9572-BF92-4A31-9367-881F410A4DB5}"
EndProject
Global
	GlobalSection(SolutionConfigurationPlatforms) = preSolution
	Debug|Any CPU = Debug|Any CPU
	ExportDebug|Any CPU = ExportDebug|Any CPU
	ExportRelease|Any CPU = ExportRelease|Any CPU
	EndGlobalSection
	GlobalSection(ProjectConfigurationPlatforms) = postSolution
		{BA2C9572-BF92-4A31-9367-881F410A4DB5}.Debug|Any CPU.ActiveCfg = Debug|Any CPU
		{BA2C9572-BF92-4A31-9367-881F410A4DB5}.Debug|Any CPU.Build.0 = Debug|Any CPU
		{BA2C9572-BF92-4A31-9367-881F410A4DB5}.ExportDebug|Any CPU.ActiveCfg = ExportDebug|Any CPU
		{BA2C9572-BF92-4A31-9367-881F410A4DB5}.ExportDebug|Any CPU.Build.0 = ExportDebug|Any CPU
		{BA2C9572-BF92-4A31-9367-881F410A4DB5}.ExportRelease|Any CPU.ActiveCfg = ExportRelease|Any CPU
		{BA2C9572-BF92-4A31-9367-881F410A4DB5}.ExportRelease|Any CPU.Build.0 = ExportRelease|Any CPU
	EndGlobalSection
EndGlobal
